
Microsoft Visual Studio Solution File, Format Version 12.00
# Visual Studio Version 17
VisualStudioVersion = 17.5.002.0
MinimumVisualStudioVersion = 10.0.40219.1
Project("{9A19103F-16F7-4668-BE54-9A1E7A4F7556}") = "GunApp", "GunApp.csproj", "{0E278A1F-8944-4CFB-BC5D-85EFEEF9223C}"
EndProject
Global
	GlobalSection(SolutionConfigurationPlatforms) = preSolution
		Debug|Any CPU = Debug|Any CPU
		Release|Any CPU = Release|Any CPU
	EndGlobalSection
	GlobalSection(ProjectConfigurationPlatforms) = postSolution
		{0E278A1F-8944-4CFB-BC5D-85EFEEF9223C}.Debug|Any CPU.ActiveCfg = Debug|Any CPU
		{0E278A1F-8944-4CFB-BC5D-85EFEEF9223C}.Debug|Any CPU.Build.0 = Debug|Any CPU
		{0E278A1F-8944-4CFB-BC5D-85EFEEF9223C}.Release|Any CPU.ActiveCfg = Release|Any CPU
		{0E278A1F-8944-4CFB-BC5D-85EFEEF9223C}.Release|Any CPU.Build.0 = Release|Any CPU
	EndGlobalSection
	GlobalSection(SolutionProperties) = preSolution
		HideSolutionNode = FALSE
	EndGlobalSection
	GlobalSection(ExtensibilityGlobals) = postSolution
		SolutionGuid = {12477691-B2AD-4F8A-9AB1-622A35E7A56E}
	EndGlobalSection
EndGlobal
